// !$*UTF8*$!
{
	archiveVersion = 1;
	classes = {
	};
	objectVersion = 56;
	objects = {

/* Begin PBXBuildFile section */
		084B07E32C22FDC000EE4B4F /* train_tracker_iosApp.swift in Sources */ = {isa = PBXBuildFile; fileRef = 084B07E22C22FDC000EE4B4F /* train_tracker_iosApp.swift */; };
		084B07E72C22FDC100EE4B4F /* Assets.xcassets in Resources */ = {isa = PBXBuildFile; fileRef = 084B07E62C22FDC100EE4B4F /* Assets.xcassets */; };
		084B07EA2C22FDC100EE4B4F /* Preview Assets.xcassets in Resources */ = {isa = PBXBuildFile; fileRef = 084B07E92C22FDC100EE4B4F /* Preview Assets.xcassets */; };
		084B07F42C22FDC100EE4B4F /* train_tracker_iosTests.swift in Sources */ = {isa = PBXBuildFile; fileRef = 084B07F32C22FDC100EE4B4F /* train_tracker_iosTests.swift */; };
		084B07FE2C22FDC100EE4B4F /* train_tracker_iosUITests.swift in Sources */ = {isa = PBXBuildFile; fileRef = 084B07FD2C22FDC100EE4B4F /* train_tracker_iosUITests.swift */; };
		084B08002C22FDC100EE4B4F /* train_tracker_iosUITestsLaunchTests.swift in Sources */ = {isa = PBXBuildFile; fileRef = 084B07FF2C22FDC100EE4B4F /* train_tracker_iosUITestsLaunchTests.swift */; };
		084B080D2C22FDE600EE4B4F /* Lines.swift in Sources */ = {isa = PBXBuildFile; fileRef = 084B080C2C22FDE600EE4B4F /* Lines.swift */; };
		086186182C298C6800C03A6D /* LineCard.swift in Sources */ = {isa = PBXBuildFile; fileRef = 086186172C298C6800C03A6D /* LineCard.swift */; };
		0861861F2C2A5D3400C03A6D /* hextocolor.swift in Sources */ = {isa = PBXBuildFile; fileRef = 0861861E2C2A5D3400C03A6D /* hextocolor.swift */; };
		086186212C2A5F5100C03A6D /* LineCardView.swift in Sources */ = {isa = PBXBuildFile; fileRef = 086186202C2A5F5100C03A6D /* LineCardView.swift */; };
		0892CE7E2C5D1ABD0050DF93 /* LineStationView.swift in Sources */ = {isa = PBXBuildFile; fileRef = 0892CE7D2C5D1ABD0050DF93 /* LineStationView.swift */; };
		0892CE802C5D1EC30050DF93 /* apiCall.swift in Sources */ = {isa = PBXBuildFile; fileRef = 0892CE7F2C5D1EC30050DF93 /* apiCall.swift */; };
		08FE59472C279D150077CFD0 /* test.swift in Sources */ = {isa = PBXBuildFile; fileRef = 08FE59462C279D150077CFD0 /* test.swift */; };
/* End PBXBuildFile section */

/* Begin PBXContainerItemProxy section */
		084B07F02C22FDC100EE4B4F /* PBXContainerItemProxy */ = {
			isa = PBXContainerItemProxy;
			containerPortal = 084B07D72C22FDC000EE4B4F /* Project object */;
			proxyType = 1;
			remoteGlobalIDString = 084B07DE2C22FDC000EE4B4F;
			remoteInfo = "train-tracker-ios";
		};
		084B07FA2C22FDC100EE4B4F /* PBXContainerItemProxy */ = {
			isa = PBXContainerItemProxy;
			containerPortal = 084B07D72C22FDC000EE4B4F /* Project object */;
			proxyType = 1;
			remoteGlobalIDString = 084B07DE2C22FDC000EE4B4F;
			remoteInfo = "train-tracker-ios";
		};
/* End PBXContainerItemProxy section */

/* Begin PBXFileReference section */
		084B07DF2C22FDC000EE4B4F /* train-tracker-ios.app */ = {isa = PBXFileReference; explicitFileType = wrapper.application; includeInIndex = 0; path = "train-tracker-ios.app"; sourceTree = BUILT_PRODUCTS_DIR; };
		084B07E22C22FDC000EE4B4F /* train_tracker_iosApp.swift */ = {isa = PBXFileReference; lastKnownFileType = sourcecode.swift; path = train_tracker_iosApp.swift; sourceTree = "<group>"; };
		084B07E62C22FDC100EE4B4F /* Assets.xcassets */ = {isa = PBXFileReference; lastKnownFileType = folder.assetcatalog; path = Assets.xcassets; sourceTree = "<group>"; };
		084B07E92C22FDC100EE4B4F /* Preview Assets.xcassets */ = {isa = PBXFileReference; lastKnownFileType = folder.assetcatalog; path = "Preview Assets.xcassets"; sourceTree = "<group>"; };
		084B07EF2C22FDC100EE4B4F /* train-tracker-iosTests.xctest */ = {isa = PBXFileReference; explicitFileType = wrapper.cfbundle; includeInIndex = 0; path = "train-tracker-iosTests.xctest"; sourceTree = BUILT_PRODUCTS_DIR; };
		084B07F32C22FDC100EE4B4F /* train_tracker_iosTests.swift */ = {isa = PBXFileReference; lastKnownFileType = sourcecode.swift; path = train_tracker_iosTests.swift; sourceTree = "<group>"; };
		084B07F92C22FDC100EE4B4F /* train-tracker-iosUITests.xctest */ = {isa = PBXFileReference; explicitFileType = wrapper.cfbundle; includeInIndex = 0; path = "train-tracker-iosUITests.xctest"; sourceTree = BUILT_PRODUCTS_DIR; };
		084B07FD2C22FDC100EE4B4F /* train_tracker_iosUITests.swift */ = {isa = PBXFileReference; lastKnownFileType = sourcecode.swift; path = train_tracker_iosUITests.swift; sourceTree = "<group>"; };
		084B07FF2C22FDC100EE4B4F /* train_tracker_iosUITestsLaunchTests.swift */ = {isa = PBXFileReference; lastKnownFileType = sourcecode.swift; path = train_tracker_iosUITestsLaunchTests.swift; sourceTree = "<group>"; };
		084B080C2C22FDE600EE4B4F /* Lines.swift */ = {isa = PBXFileReference; lastKnownFileType = sourcecode.swift; path = Lines.swift; sourceTree = "<group>"; };
		086186172C298C6800C03A6D /* LineCard.swift */ = {isa = PBXFileReference; lastKnownFileType = sourcecode.swift; path = LineCard.swift; sourceTree = "<group>"; };
		0861861E2C2A5D3400C03A6D /* hextocolor.swift */ = {isa = PBXFileReference; lastKnownFileType = sourcecode.swift; path = hextocolor.swift; sourceTree = "<group>"; };
		086186202C2A5F5100C03A6D /* LineCardView.swift */ = {isa = PBXFileReference; lastKnownFileType = sourcecode.swift; path = LineCardView.swift; sourceTree = "<group>"; };
		0892CE7D2C5D1ABD0050DF93 /* LineStationView.swift */ = {isa = PBXFileReference; lastKnownFileType = sourcecode.swift; path = LineStationView.swift; sourceTree = "<group>"; };
		0892CE7F2C5D1EC30050DF93 /* apiCall.swift */ = {isa = PBXFileReference; lastKnownFileType = sourcecode.swift; path = apiCall.swift; sourceTree = "<group>"; };
		08FE59462C279D150077CFD0 /* test.swift */ = {isa = PBXFileReference; lastKnownFileType = sourcecode.swift; path = test.swift; sourceTree = "<group>"; };
/* End PBXFileReference section */

/* Begin PBXFrameworksBuildPhase section */
		084B07DC2C22FDC000EE4B4F /* Frameworks */ = {
			isa = PBXFrameworksBuildPhase;
			buildActionMask = 2147483647;
			files = (
			);
			runOnlyForDeploymentPostprocessing = 0;
		};
		084B07EC2C22FDC100EE4B4F /* Frameworks */ = {
			isa = PBXFrameworksBuildPhase;
			buildActionMask = 2147483647;
			files = (
			);
			runOnlyForDeploymentPostprocessing = 0;
		};
		084B07F62C22FDC100EE4B4F /* Frameworks */ = {
			isa = PBXFrameworksBuildPhase;
			buildActionMask = 2147483647;
			files = (
			);
			runOnlyForDeploymentPostprocessing = 0;
		};
/* End PBXFrameworksBuildPhase section */

/* Begin PBXGroup section */
		084B07D62C22FDC000EE4B4F = {
			isa = PBXGroup;
			children = (
				08FE59462C279D150077CFD0 /* test.swift */,
				084B07E12C22FDC000EE4B4F /* train-tracker-ios */,
				084B07F22C22FDC100EE4B4F /* train-tracker-iosTests */,
				084B07FC2C22FDC100EE4B4F /* train-tracker-iosUITests */,
				084B07E02C22FDC000EE4B4F /* Products */,
			);
			sourceTree = "<group>";
		};
		084B07E02C22FDC000EE4B4F /* Products */ = {
			isa = PBXGroup;
			children = (
				084B07DF2C22FDC000EE4B4F /* train-tracker-ios.app */,
				084B07EF2C22FDC100EE4B4F /* train-tracker-iosTests.xctest */,
				084B07F92C22FDC100EE4B4F /* train-tracker-iosUITests.xctest */,
			);
			name = Products;
			sourceTree = "<group>";
		};
		084B07E12C22FDC000EE4B4F /* train-tracker-ios */ = {
			isa = PBXGroup;
			children = (
				0861861B2C2A518000C03A6D /* Extensions */,
				086186162C298C0200C03A6D /* Models */,
				086186152C298BFA00C03A6D /* Views */,
				084B07E22C22FDC000EE4B4F /* train_tracker_iosApp.swift */,
				084B07E62C22FDC100EE4B4F /* Assets.xcassets */,
				084B07E82C22FDC100EE4B4F /* Preview Content */,
			);
			path = "train-tracker-ios";
			sourceTree = "<group>";
		};
		084B07E82C22FDC100EE4B4F /* Preview Content */ = {
			isa = PBXGroup;
			children = (
				084B07E92C22FDC100EE4B4F /* Preview Assets.xcassets */,
			);
			path = "Preview Content";
			sourceTree = "<group>";
		};
		084B07F22C22FDC100EE4B4F /* train-tracker-iosTests */ = {
			isa = PBXGroup;
			children = (
				084B07F32C22FDC100EE4B4F /* train_tracker_iosTests.swift */,
			);
			path = "train-tracker-iosTests";
			sourceTree = "<group>";
		};
		084B07FC2C22FDC100EE4B4F /* train-tracker-iosUITests */ = {
			isa = PBXGroup;
			children = (
				084B07FD2C22FDC100EE4B4F /* train_tracker_iosUITests.swift */,
				084B07FF2C22FDC100EE4B4F /* train_tracker_iosUITestsLaunchTests.swift */,
			);
			path = "train-tracker-iosUITests";
			sourceTree = "<group>";
		};
		086186152C298BFA00C03A6D /* Views */ = {
			isa = PBXGroup;
			children = (
				086186172C298C6800C03A6D /* LineCard.swift */,
				086186202C2A5F5100C03A6D /* LineCardView.swift */,
				0892CE7D2C5D1ABD0050DF93 /* LineStationView.swift */,
			);
			path = Views;
			sourceTree = "<group>";
		};
		086186162C298C0200C03A6D /* Models */ = {
			isa = PBXGroup;
			children = (
				084B080C2C22FDE600EE4B4F /* Lines.swift */,
				0892CE7F2C5D1EC30050DF93 /* apiCall.swift */,
			);
			path = Models;
			sourceTree = "<group>";
		};
		0861861B2C2A518000C03A6D /* Extensions */ = {
			isa = PBXGroup;
			children = (
				0861861E2C2A5D3400C03A6D /* hextocolor.swift */,
			);
			path = Extensions;
			sourceTree = "<group>";
		};
/* End PBXGroup section */

/* Begin PBXNativeTarget section */
		084B07DE2C22FDC000EE4B4F /* train-tracker-ios */ = {
			isa = PBXNativeTarget;
			buildConfigurationList = 084B08032C22FDC100EE4B4F /* Build configuration list for PBXNativeTarget "train-tracker-ios" */;
			buildPhases = (
				084B07DB2C22FDC000EE4B4F /* Sources */,
				084B07DC2C22FDC000EE4B4F /* Frameworks */,
				084B07DD2C22FDC000EE4B4F /* Resources */,
			);
			buildRules = (
			);
			dependencies = (
			);
			name = "train-tracker-ios";
			productName = "train-tracker-ios";
			productReference = 084B07DF2C22FDC000EE4B4F /* train-tracker-ios.app */;
			productType = "com.apple.product-type.application";
		};
		084B07EE2C22FDC100EE4B4F /* train-tracker-iosTests */ = {
			isa = PBXNativeTarget;
			buildConfigurationList = 084B08062C22FDC100EE4B4F /* Build configuration list for PBXNativeTarget "train-tracker-iosTests" */;
			buildPhases = (
				084B07EB2C22FDC100EE4B4F /* Sources */,
				084B07EC2C22FDC100EE4B4F /* Frameworks */,
				084B07ED2C22FDC100EE4B4F /* Resources */,
			);
			buildRules = (
			);
			dependencies = (
				084B07F12C22FDC100EE4B4F /* PBXTargetDependency */,
			);
			name = "train-tracker-iosTests";
			productName = "train-tracker-iosTests";
			productReference = 084B07EF2C22FDC100EE4B4F /* train-tracker-iosTests.xctest */;
			productType = "com.apple.product-type.bundle.unit-test";
		};
		084B07F82C22FDC100EE4B4F /* train-tracker-iosUITests */ = {
			isa = PBXNativeTarget;
			buildConfigurationList = 084B08092C22FDC100EE4B4F /* Build configuration list for PBXNativeTarget "train-tracker-iosUITests" */;
			buildPhases = (
				084B07F52C22FDC100EE4B4F /* Sources */,
				084B07F62C22FDC100EE4B4F /* Frameworks */,
				084B07F72C22FDC100EE4B4F /* Resources */,
			);
			buildRules = (
			);
			dependencies = (
				084B07FB2C22FDC100EE4B4F /* PBXTargetDependency */,
			);
			name = "train-tracker-iosUITests";
			productName = "train-tracker-iosUITests";
			productReference = 084B07F92C22FDC100EE4B4F /* train-tracker-iosUITests.xctest */;
			productType = "com.apple.product-type.bundle.ui-testing";
		};
/* End PBXNativeTarget section */

/* Begin PBXProject section */
		084B07D72C22FDC000EE4B4F /* Project object */ = {
			isa = PBXProject;
			attributes = {
				BuildIndependentTargetsInParallel = 1;
				LastSwiftUpdateCheck = 1540;
				LastUpgradeCheck = 1540;
				TargetAttributes = {
					084B07DE2C22FDC000EE4B4F = {
						CreatedOnToolsVersion = 15.4;
					};
					084B07EE2C22FDC100EE4B4F = {
						CreatedOnToolsVersion = 15.4;
						TestTargetID = 084B07DE2C22FDC000EE4B4F;
					};
					084B07F82C22FDC100EE4B4F = {
						CreatedOnToolsVersion = 15.4;
						TestTargetID = 084B07DE2C22FDC000EE4B4F;
					};
				};
			};
			buildConfigurationList = 084B07DA2C22FDC000EE4B4F /* Build configuration list for PBXProject "train-tracker-ios" */;
			compatibilityVersion = "Xcode 14.0";
			developmentRegion = en;
			hasScannedForEncodings = 0;
			knownRegions = (
				en,
				Base,
			);
			mainGroup = 084B07D62C22FDC000EE4B4F;
			productRefGroup = 084B07E02C22FDC000EE4B4F /* Products */;
			projectDirPath = "";
			projectRoot = "";
			targets = (
				084B07DE2C22FDC000EE4B4F /* train-tracker-ios */,
				084B07EE2C22FDC100EE4B4F /* train-tracker-iosTests */,
				084B07F82C22FDC100EE4B4F /* train-tracker-iosUITests */,
			);
		};
/* End PBXProject section */

/* Begin PBXResourcesBuildPhase section */
		084B07DD2C22FDC000EE4B4F /* Resources */ = {
			isa = PBXResourcesBuildPhase;
			buildActionMask = 2147483647;
			files = (
				084B07EA2C22FDC100EE4B4F /* Preview Assets.xcassets in Resources */,
				084B07E72C22FDC100EE4B4F /* Assets.xcassets in Resources */,
			);
			runOnlyForDeploymentPostprocessing = 0;
		};
		084B07ED2C22FDC100EE4B4F /* Resources */ = {
			isa = PBXResourcesBuildPhase;
			buildActionMask = 2147483647;
			files = (
			);
			runOnlyForDeploymentPostprocessing = 0;
		};
		084B07F72C22FDC100EE4B4F /* Resources */ = {
			isa = PBXResourcesBuildPhase;
			buildActionMask = 2147483647;
			files = (
			);
			runOnlyForDeploymentPostprocessing = 0;
		};
/* End PBXResourcesBuildPhase section */

/* Begin PBXSourcesBuildPhase section */
		084B07DB2C22FDC000EE4B4F /* Sources */ = {
			isa = PBXSourcesBuildPhase;
			buildActionMask = 2147483647;
			files = (
				08FE59472C279D150077CFD0 /* test.swift in Sources */,
				084B07E32C22FDC000EE4B4F /* train_tracker_iosApp.swift in Sources */,
				086186212C2A5F5100C03A6D /* LineCardView.swift in Sources */,
				0892CE802C5D1EC30050DF93 /* apiCall.swift in Sources */,
				084B080D2C22FDE600EE4B4F /* Lines.swift in Sources */,
				086186182C298C6800C03A6D /* LineCard.swift in Sources */,
				0861861F2C2A5D3400C03A6D /* hextocolor.swift in Sources */,
				0892CE7E2C5D1ABD0050DF93 /* LineStationView.swift in Sources */,
			);
			runOnlyForDeploymentPostprocessing = 0;
		};
		084B07EB2C22FDC100EE4B4F /* Sources */ = {
			isa = PBXSourcesBuildPhase;
			buildActionMask = 2147483647;
			files = (
				084B07F42C22FDC100EE4B4F /* train_tracker_iosTests.swift in Sources */,
			);
			runOnlyForDeploymentPostprocessing = 0;
		};
		084B07F52C22FDC100EE4B4F /* Sources */ = {
			isa = PBXSourcesBuildPhase;
			buildActionMask = 2147483647;
			files = (
				084B08002C22FDC100EE4B4F /* train_tracker_iosUITestsLaunchTests.swift in Sources */,
				084B07FE2C22FDC100EE4B4F /* train_tracker_iosUITests.swift in Sources */,
			);
			runOnlyForDeploymentPostprocessing = 0;
		};
/* End PBXSourcesBuildPhase section */

/* Begin PBXTargetDependency section */
		084B07F12C22FDC100EE4B4F /* PBXTargetDependency */ = {
			isa = PBXTargetDependency;
			target = 084B07DE2C22FDC000EE4B4F /* train-tracker-ios */;
			targetProxy = 084B07F02C22FDC100EE4B4F /* PBXContainerItemProxy */;
		};
		084B07FB2C22FDC100EE4B4F /* PBXTargetDependency */ = {
			isa = PBXTargetDependency;
			target = 084B07DE2C22FDC000EE4B4F /* train-tracker-ios */;
			targetProxy = 084B07FA2C22FDC100EE4B4F /* PBXContainerItemProxy */;
		};
/* End PBXTargetDependency section */

/* Begin XCBuildConfiguration section */
		084B08012C22FDC100EE4B4F /* Debug */ = {
			isa = XCBuildConfiguration;
			buildSettings = {
				ALWAYS_SEARCH_USER_PATHS = NO;
				ASSETCATALOG_COMPILER_GENERATE_SWIFT_ASSET_SYMBOL_EXTENSIONS = YES;
				CLANG_ANALYZER_NONNULL = YES;
				CLANG_ANALYZER_NUMBER_OBJECT_CONVERSION = YES_AGGRESSIVE;
				CLANG_CXX_LANGUAGE_STANDARD = "gnu++20";
				CLANG_ENABLE_MODULES = YES;
				CLANG_ENABLE_OBJC_ARC = YES;
				CLANG_ENABLE_OBJC_WEAK = YES;
				CLANG_WARN_BLOCK_CAPTURE_AUTORELEASING = YES;
				CLANG_WARN_BOOL_CONVERSION = YES;
				CLANG_WARN_COMMA = YES;
				CLANG_WARN_CONSTANT_CONVERSION = YES;
				CLANG_WARN_DEPRECATED_OBJC_IMPLEMENTATIONS = YES;
				CLANG_WARN_DIRECT_OBJC_ISA_USAGE = YES_ERROR;
				CLANG_WARN_DOCUMENTATION_COMMENTS = YES;
				CLANG_WARN_EMPTY_BODY = YES;
				CLANG_WARN_ENUM_CONVERSION = YES;
				CLANG_WARN_INFINITE_RECURSION = YES;
				CLANG_WARN_INT_CONVERSION = YES;
				CLANG_WARN_NON_LITERAL_NULL_CONVERSION = YES;
				CLANG_WARN_OBJC_IMPLICIT_RETAIN_SELF = YES;
				CLANG_WARN_OBJC_LITERAL_CONVERSION = YES;
				CLANG_WARN_OBJC_ROOT_CLASS = YES_ERROR;
				CLANG_WARN_QUOTED_INCLUDE_IN_FRAMEWORK_HEADER = YES;
				CLANG_WARN_RANGE_LOOP_ANALYSIS = YES;
				CLANG_WARN_STRICT_PROTOTYPES = YES;
				CLANG_WARN_SUSPICIOUS_MOVE = YES;
				CLANG_WARN_UNGUARDED_AVAILABILITY = YES_AGGRESSIVE;
				CLANG_WARN_UNREACHABLE_CODE = YES;
				CLANG_WARN__DUPLICATE_METHOD_MATCH = YES;
				COPY_PHASE_STRIP = NO;
				DEBUG_INFORMATION_FORMAT = dwarf;
				ENABLE_STRICT_OBJC_MSGSEND = YES;
				ENABLE_TESTABILITY = YES;
				ENABLE_USER_SCRIPT_SANDBOXING = YES;
				GCC_C_LANGUAGE_STANDARD = gnu17;
				GCC_DYNAMIC_NO_PIC = NO;
				GCC_NO_COMMON_BLOCKS = YES;
				GCC_OPTIMIZATION_LEVEL = 0;
				GCC_PREPROCESSOR_DEFINITIONS = (
					"DEBUG=1",
					"$(inherited)",
				);
				GCC_WARN_64_TO_32_BIT_CONVERSION = YES;
				GCC_WARN_ABOUT_RETURN_TYPE = YES_ERROR;
				GCC_WARN_UNDECLARED_SELECTOR = YES;
				GCC_WARN_UNINITIALIZED_AUTOS = YES_AGGRESSIVE;
				GCC_WARN_UNUSED_FUNCTION = YES;
				GCC_WARN_UNUSED_VARIABLE = YES;
				IPHONEOS_DEPLOYMENT_TARGET = 17.5;
				LOCALIZATION_PREFERS_STRING_CATALOGS = YES;
				MTL_ENABLE_DEBUG_INFO = INCLUDE_SOURCE;
				MTL_FAST_MATH = YES;
				ONLY_ACTIVE_ARCH = YES;
				SDKROOT = iphoneos;
				SWIFT_ACTIVE_COMPILATION_CONDITIONS = "DEBUG $(inherited)";
				SWIFT_OPTIMIZATION_LEVEL = "-Onone";
			};
			name = Debug;
		};
		084B08022C22FDC100EE4B4F /* Release */ = {
			isa = XCBuildConfiguration;
			buildSettings = {
				ALWAYS_SEARCH_USER_PATHS = NO;
				ASSETCATALOG_COMPILER_GENERATE_SWIFT_ASSET_SYMBOL_EXTENSIONS = YES;
				CLANG_ANALYZER_NONNULL = YES;
				CLANG_ANALYZER_NUMBER_OBJECT_CONVERSION = YES_AGGRESSIVE;
				CLANG_CXX_LANGUAGE_STANDARD = "gnu++20";
				CLANG_ENABLE_MODULES = YES;
				CLANG_ENABLE_OBJC_ARC = YES;
				CLANG_ENABLE_OBJC_WEAK = YES;
				CLANG_WARN_BLOCK_CAPTURE_AUTORELEASING = YES;
				CLANG_WARN_BOOL_CONVERSION = YES;
				CLANG_WARN_COMMA = YES;
				CLANG_WARN_CONSTANT_CONVERSION = YES;
				CLANG_WARN_DEPRECATED_OBJC_IMPLEMENTATIONS = YES;
				CLANG_WARN_DIRECT_OBJC_ISA_USAGE = YES_ERROR;
				CLANG_WARN_DOCUMENTATION_COMMENTS = YES;
				CLANG_WARN_EMPTY_BODY = YES;
				CLANG_WARN_ENUM_CONVERSION = YES;
				CLANG_WARN_INFINITE_RECURSION = YES;
				CLANG_WARN_INT_CONVERSION = YES;
				CLANG_WARN_NON_LITERAL_NULL_CONVERSION = YES;
				CLANG_WARN_OBJC_IMPLICIT_RETAIN_SELF = YES;
				CLANG_WARN_OBJC_LITERAL_CONVERSION = YES;
				CLANG_WARN_OBJC_ROOT_CLASS = YES_ERROR;
				CLANG_WARN_QUOTED_INCLUDE_IN_FRAMEWORK_HEADER = YES;
				CLANG_WARN_RANGE_LOOP_ANALYSIS = YES;
				CLANG_WARN_STRICT_PROTOTYPES = YES;
				CLANG_WARN_SUSPICIOUS_MOVE = YES;
				CLANG_WARN_UNGUARDED_AVAILABILITY = YES_AGGRESSIVE;
				CLANG_WARN_UNREACHABLE_CODE = YES;
				CLANG_WARN__DUPLICATE_METHOD_MATCH = YES;
				COPY_PHASE_STRIP = NO;
				DEBUG_INFORMATION_FORMAT = "dwarf-with-dsym";
				ENABLE_NS_ASSERTIONS = NO;
				ENABLE_STRICT_OBJC_MSGSEND = YES;
				ENABLE_USER_SCRIPT_SANDBOXING = YES;
				GCC_C_LANGUAGE_STANDARD = gnu17;
				GCC_NO_COMMON_BLOCKS = YES;
				GCC_WARN_64_TO_32_BIT_CONVERSION = YES;
				GCC_WARN_ABOUT_RETURN_TYPE = YES_ERROR;
				GCC_WARN_UNDECLARED_SELECTOR = YES;
				GCC_WARN_UNINITIALIZED_AUTOS = YES_AGGRESSIVE;
				GCC_WARN_UNUSED_FUNCTION = YES;
				GCC_WARN_UNUSED_VARIABLE = YES;
				IPHONEOS_DEPLOYMENT_TARGET = 17.5;
				LOCALIZATION_PREFERS_STRING_CATALOGS = YES;
				MTL_ENABLE_DEBUG_INFO = NO;
				MTL_FAST_MATH = YES;
				SDKROOT = iphoneos;
				SWIFT_COMPILATION_MODE = wholemodule;
				VALIDATE_PRODUCT = YES;
			};
			name = Release;
		};
		084B08042C22FDC100EE4B4F /* Debug */ = {
			isa = XCBuildConfiguration;
			buildSettings = {
				ASSETCATALOG_COMPILER_APPICON_NAME = AppIcon;
				ASSETCATALOG_COMPILER_GLOBAL_ACCENT_COLOR_NAME = AccentColor;
				CODE_SIGN_STYLE = Automatic;
				CURRENT_PROJECT_VERSION = 1;
				DEVELOPMENT_ASSET_PATHS = "\"train-tracker-ios/Preview Content\"";
				DEVELOPMENT_TEAM = WVJEHFRC8R;
				ENABLE_PREVIEWS = YES;
				GENERATE_INFOPLIST_FILE = YES;
				INFOPLIST_KEY_UIApplicationSceneManifest_Generation = YES;
				INFOPLIST_KEY_UIApplicationSupportsIndirectInputEvents = YES;
				INFOPLIST_KEY_UILaunchScreen_Generation = YES;
				INFOPLIST_KEY_UISupportedInterfaceOrientations_iPad = "UIInterfaceOrientationPortrait UIInterfaceOrientationPortraitUpsideDown UIInterfaceOrientationLandscapeLeft UIInterfaceOrientationLandscapeRight";
				INFOPLIST_KEY_UISupportedInterfaceOrientations_iPhone = "UIInterfaceOrientationPortrait UIInterfaceOrientationLandscapeLeft UIInterfaceOrientationLandscapeRight";
				LD_RUNPATH_SEARCH_PATHS = (
					"$(inherited)",
					"@executable_path/Frameworks",
				);
				MARKETING_VERSION = 1.0;
				PRODUCT_BUNDLE_IDENTIFIER = "io.drewr.train-tracker-ios";
				PRODUCT_NAME = "$(TARGET_NAME)";
				SWIFT_EMIT_LOC_STRINGS = YES;
				SWIFT_VERSION = 5.0;
				TARGETED_DEVICE_FAMILY = "1,2";
			};
			name = Debug;
		};
		084B08052C22FDC100EE4B4F /* Release */ = {
			isa = XCBuildConfiguration;
			buildSettings = {
				ASSETCATALOG_COMPILER_APPICON_NAME = AppIcon;
				ASSETCATALOG_COMPILER_GLOBAL_ACCENT_COLOR_NAME = AccentColor;
				CODE_SIGN_STYLE = Automatic;
				CURRENT_PROJECT_VERSION = 1;
				DEVELOPMENT_ASSET_PATHS = "\"train-tracker-ios/Preview Content\"";
				DEVELOPMENT_TEAM = WVJEHFRC8R;
				ENABLE_PREVIEWS = YES;
				GENERATE_INFOPLIST_FILE = YES;
				INFOPLIST_KEY_UIApplicationSceneManifest_Generation = YES;
				INFOPLIST_KEY_UIApplicationSupportsIndirectInputEvents = YES;
				INFOPLIST_KEY_UILaunchScreen_Generation = YES;
				INFOPLIST_KEY_UISupportedInterfaceOrientations_iPad = "UIInterfaceOrientationPortrait UIInterfaceOrientationPortraitUpsideDown UIInterfaceOrientationLandscapeLeft UIInterfaceOrientationLandscapeRight";
				INFOPLIST_KEY_UISupportedInterfaceOrientations_iPhone = "UIInterfaceOrientationPortrait UIInterfaceOrientationLandscapeLeft UIInterfaceOrientationLandscapeRight";
				LD_RUNPATH_SEARCH_PATHS = (
					"$(inherited)",
					"@executable_path/Frameworks",
				);
				MARKETING_VERSION = 1.0;
				PRODUCT_BUNDLE_IDENTIFIER = "io.drewr.train-tracker-ios";
				PRODUCT_NAME = "$(TARGET_NAME)";
				SWIFT_EMIT_LOC_STRINGS = YES;
				SWIFT_VERSION = 5.0;
				TARGETED_DEVICE_FAMILY = "1,2";
			};
			name = Release;
		};
		084B08072C22FDC100EE4B4F /* Debug */ = {
			isa = XCBuildConfiguration;
			buildSettings = {
				ALWAYS_EMBED_SWIFT_STANDARD_LIBRARIES = YES;
				BUNDLE_LOADER = "$(TEST_HOST)";
				CODE_SIGN_STYLE = Automatic;
				CURRENT_PROJECT_VERSION = 1;
				DEVELOPMENT_TEAM = WVJEHFRC8R;
				GENERATE_INFOPLIST_FILE = YES;
				IPHONEOS_DEPLOYMENT_TARGET = 17.5;
				MARKETING_VERSION = 1.0;
				PRODUCT_BUNDLE_IDENTIFIER = "io.drewr.train-tracker-iosTests";
				PRODUCT_NAME = "$(TARGET_NAME)";
				SWIFT_EMIT_LOC_STRINGS = NO;
				SWIFT_VERSION = 5.0;
				TARGETED_DEVICE_FAMILY = "1,2";
				TEST_HOST = "$(BUILT_PRODUCTS_DIR)/train-tracker-ios.app/$(BUNDLE_EXECUTABLE_FOLDER_PATH)/train-tracker-ios";
			};
			name = Debug;
		};
		084B08082C22FDC100EE4B4F /* Release */ = {
			isa = XCBuildConfiguration;
			buildSettings = {
				ALWAYS_EMBED_SWIFT_STANDARD_LIBRARIES = YES;
				BUNDLE_LOADER = "$(TEST_HOST)";
				CODE_SIGN_STYLE = Automatic;
				CURRENT_PROJECT_VERSION = 1;
				DEVELOPMENT_TEAM = WVJEHFRC8R;
				GENERATE_INFOPLIST_FILE = YES;
				IPHONEOS_DEPLOYMENT_TARGET = 17.5;
				MARKETING_VERSION = 1.0;
				PRODUCT_BUNDLE_IDENTIFIER = "io.drewr.train-tracker-iosTests";
				PRODUCT_NAME = "$(TARGET_NAME)";
				SWIFT_EMIT_LOC_STRINGS = NO;
				SWIFT_VERSION = 5.0;
				TARGETED_DEVICE_FAMILY = "1,2";
				TEST_HOST = "$(BUILT_PRODUCTS_DIR)/train-tracker-ios.app/$(BUNDLE_EXECUTABLE_FOLDER_PATH)/train-tracker-ios";
			};
			name = Release;
		};
		084B080A2C22FDC100EE4B4F /* Debug */ = {
			isa = XCBuildConfiguration;
			buildSettings = {
				ALWAYS_EMBED_SWIFT_STANDARD_LIBRARIES = YES;
				CODE_SIGN_STYLE = Automatic;
				CURRENT_PROJECT_VERSION = 1;
				DEVELOPMENT_TEAM = WVJEHFRC8R;
				GENERATE_INFOPLIST_FILE = YES;
				MARKETING_VERSION = 1.0;
				PRODUCT_BUNDLE_IDENTIFIER = "io.drewr.train-tracker-iosUITests";
				PRODUCT_NAME = "$(TARGET_NAME)";
				SWIFT_EMIT_LOC_STRINGS = NO;
				SWIFT_VERSION = 5.0;
				TARGETED_DEVICE_FAMILY = "1,2";
				TEST_TARGET_NAME = "train-tracker-ios";
			};
			name = Debug;
		};
		084B080B2C22FDC100EE4B4F /* Release */ = {
			isa = XCBuildConfiguration;
			buildSettings = {
				ALWAYS_EMBED_SWIFT_STANDARD_LIBRARIES = YES;
				CODE_SIGN_STYLE = Automatic;
				CURRENT_PROJECT_VERSION = 1;
				DEVELOPMENT_TEAM = WVJEHFRC8R;
				GENERATE_INFOPLIST_FILE = YES;
				MARKETING_VERSION = 1.0;
				PRODUCT_BUNDLE_IDENTIFIER = "io.drewr.train-tracker-iosUITests";
				PRODUCT_NAME = "$(TARGET_NAME)";
				SWIFT_EMIT_LOC_STRINGS = NO;
				SWIFT_VERSION = 5.0;
				TARGETED_DEVICE_FAMILY = "1,2";
				TEST_TARGET_NAME = "train-tracker-ios";
			};
			name = Release;
		};
/* End XCBuildConfiguration section */

/* Begin XCConfigurationList section */
		084B07DA2C22FDC000EE4B4F /* Build configuration list for PBXProject "train-tracker-ios" */ = {
			isa = XCConfigurationList;
			buildConfigurations = (
				084B08012C22FDC100EE4B4F /* Debug */,
				084B08022C22FDC100EE4B4F /* Release */,
			);
			defaultConfigurationIsVisible = 0;
			defaultConfigurationName = Release;
		};
		084B08032C22FDC100EE4B4F /* Build configuration list for PBXNativeTarget "train-tracker-ios" */ = {
			isa = XCConfigurationList;
			buildConfigurations = (
				084B08042C22FDC100EE4B4F /* Debug */,
				084B08052C22FDC100EE4B4F /* Release */,
			);
			defaultConfigurationIsVisible = 0;
			defaultConfigurationName = Release;
		};
		084B08062C22FDC100EE4B4F /* Build configuration list for PBXNativeTarget "train-tracker-iosTests" */ = {
			isa = XCConfigurationList;
			buildConfigurations = (
				084B08072C22FDC100EE4B4F /* Debug */,
				084B08082C22FDC100EE4B4F /* Release */,
			);
			defaultConfigurationIsVisible = 0;
			defaultConfigurationName = Release;
		};
		084B08092C22FDC100EE4B4F /* Build configuration list for PBXNativeTarget "train-tracker-iosUITests" */ = {
			isa = XCConfigurationList;
			buildConfigurations = (
				084B080A2C22FDC100EE4B4F /* Debug */,
				084B080B2C22FDC100EE4B4F /* Release */,
			);
			defaultConfigurationIsVisible = 0;
			defaultConfigurationName = Release;
		};
/* End XCConfigurationList section */
	};
	rootObject = 084B07D72C22FDC000EE4B4F /* Project object */;
}
